
Microsoft Visual Studio Solution File, Format Version 12.00
# Visual Studio Version 17
VisualStudioVersion = 17.3.32901.215
MinimumVisualStudioVersion = 10.0.40219.1
Project("{FAE04EC0-301F-11D3-BF4B-00C04F79EFBC}") = "korp_1", "korp_1\korp_1.csproj", "{B5AB6910-B5B1-4B5C-A432-25559DB22211}"
EndProject
Global
	GlobalSection(SolutionConfigurationPlatforms) = preSolution
		Debug|Any CPU = Debug|Any CPU
		Release|Any CPU = Release|Any CPU
	EndGlobalSection
	GlobalSection(ProjectConfigurationPlatforms) = postSolution
		{B5AB6910-B5B1-4B5C-A432-25559DB22211}.Debug|Any CPU.ActiveCfg = Debug|Any CPU
		{B5AB6910-B5B1-4B5C-A432-25559DB22211}.Debug|Any CPU.Build.0 = Debug|Any CPU
		{B5AB6910-B5B1-4B5C-A432-25559DB22211}.Release|Any CPU.ActiveCfg = Release|Any CPU
		{B5AB6910-B5B1-4B5C-A432-25559DB22211}.Release|Any CPU.Build.0 = Release|Any CPU
	EndGlobalSection
	GlobalSection(SolutionProperties) = preSolution
		HideSolutionNode = FALSE
	EndGlobalSection
	GlobalSection(ExtensibilityGlobals) = postSolution
		SolutionGuid = {DD8513E0-F17E-4650-9AD3-75A800846719}
	EndGlobalSection
EndGlobal
